Microsoft Visual Studio Solution File, Format Version 12.00
# Visual Studio Version 17
VisualStudioVersion = 17.5.2.0
MinimumVisualStudioVersion = 10.0.40219.1
Project("{2150E333-8FDC-42A3-9474-1A3956D46DE8}") = "LambdaProcessarPagamento", "LambdaProcessarPagamento", "{55EDC901-F090-A11F-A083-E81AB93F1F26}"
EndProject
Project("{2150E333-8FDC-42A3-9474-1A3956D46DE8}") = "LambdaEnviarPedido", "LambdaEnviarPedido", "{46F5060F-C40A-D86E-CCE6-2DE6A9830839}"
EndProject
Project("{2150E333-8FDC-42A3-9474-1A3956D46DE8}") = "LambdaValidarPedido", "LambdaValidarPedido", "{0757B171-26C9-1BDD-83F1-EAED455147DA}"
EndProject
Project("{2150E333-8FDC-42A3-9474-1A3956D46DE8}") = "LambdaReceberPedido", "LambdaReceberPedido", "{2C28392B-DCA7-956B-C8A3-AEC0BE1A4F73}"
EndProject
Project("{2150E333-8FDC-42A3-9474-1A3956D46DE8}") = "test", "test", "{580A5474-4427-B77B-2F45-611CD603EF07}"
EndProject
Project("{FAE04EC0-301F-11D3-BF4B-00C04F79EFBC}") = "LambdaProcessarPagamento.Tests", "LambdaProcessarPagamento\test\LambdaProcessarPagamento.Tests\LambdaProcessarPagamento.Tests.csproj", "{F2A8676E-AE31-0A00-5A56-7FECA90A3FC3}"
EndProject
Project("{2150E333-8FDC-42A3-9474-1A3956D46DE8}") = "src", "src", "{1F1D9E3D-0C89-140A-916B-AB426DE35A64}"
EndProject
Project("{FAE04EC0-301F-11D3-BF4B-00C04F79EFBC}") = "LambdaProcessarPagamento", "LambdaProcessarPagamento\src\LambdaProcessarPagamento\LambdaProcessarPagamento.csproj", "{73477B79-76E0-9883-F168-75C7E9F6225C}"
EndProject
Project("{2150E333-8FDC-42A3-9474-1A3956D46DE8}") = "test", "test", "{0BF5B8E7-DCBA-97BC-71CB-4BF8B74C1F2D}"
EndProject
Project("{FAE04EC0-301F-11D3-BF4B-00C04F79EFBC}") = "LambdaEnviarPedido.Tests", "LambdaEnviarPedido\test\LambdaEnviarPedido.Tests\LambdaEnviarPedido.Tests.csproj", "{1C79846A-CE32-8BB8-FDCB-9CF155C8B17E}"
EndProject
Project("{2150E333-8FDC-42A3-9474-1A3956D46DE8}") = "src", "src", "{FB0AEED8-BB1A-68B5-064A-422B364719E2}"
EndProject
Project("{FAE04EC0-301F-11D3-BF4B-00C04F79EFBC}") = "LambdaEnviarPedido", "LambdaEnviarPedido\src\LambdaEnviarPedido\LambdaEnviarPedido.csproj", "{951B9D3A-1EB7-90F2-B51D-F01D3727D001}"
EndProject
Project("{2150E333-8FDC-42A3-9474-1A3956D46DE8}") = "test", "test", "{50284893-45E3-FEBD-04D9-A8C0B1070A44}"
EndProject
Project("{FAE04EC0-301F-11D3-BF4B-00C04F79EFBC}") = "LambdaValidarPedido.Tests", "LambdaValidarPedido\test\LambdaValidarPedido.Tests\LambdaValidarPedido.Tests.csproj", "{FAF03310-A367-EA9E-4456-45B43FDD1BF6}"
EndProject
Project("{2150E333-8FDC-42A3-9474-1A3956D46DE8}") = "src", "src", "{B227AECD-060F-6832-6F8A-BE5D6744C257}"
EndProject
Project("{FAE04EC0-301F-11D3-BF4B-00C04F79EFBC}") = "LambdaValidarPedido", "LambdaValidarPedido\src\LambdaValidarPedido\LambdaValidarPedido.csproj", "{DA4594FD-EAF3-89BB-C93C-79423D9AE709}"
EndProject
Project("{2150E333-8FDC-42A3-9474-1A3956D46DE8}") = "test", "test", "{F13FABB9-36F5-890F-0F3E-23930B3A2C81}"
EndProject
Project("{FAE04EC0-301F-11D3-BF4B-00C04F79EFBC}") = "LambdaReceberPedido.Tests", "LambdaReceberPedido\test\LambdaReceberPedido.Tests\LambdaReceberPedido.Tests.csproj", "{EA19C4F5-789E-F4D4-2398-02A39374E89D}"
EndProject
Project("{2150E333-8FDC-42A3-9474-1A3956D46DE8}") = "src", "src", "{F607AC03-7971-28B3-2BBB-FBEB2DEEEA9D}"
EndProject
Project("{FAE04EC0-301F-11D3-BF4B-00C04F79EFBC}") = "LambdaReceberPedido", "LambdaReceberPedido\src\LambdaReceberPedido\LambdaReceberPedido.csproj", "{ED8304F0-E348-C2C4-0748-8CBB26057344}"
EndProject
Global
	GlobalSection(SolutionConfigurationPlatforms) = preSolution
		Debug|Any CPU = Debug|Any CPU
		Release|Any CPU = Release|Any CPU
	EndGlobalSection
	GlobalSection(ProjectConfigurationPlatforms) = postSolution
		{F2A8676E-AE31-0A00-5A56-7FECA90A3FC3}.Debug|Any CPU.ActiveCfg = Debug|Any CPU
		{F2A8676E-AE31-0A00-5A56-7FECA90A3FC3}.Debug|Any CPU.Build.0 = Debug|Any CPU
		{F2A8676E-AE31-0A00-5A56-7FECA90A3FC3}.Release|Any CPU.ActiveCfg = Release|Any CPU
		{F2A8676E-AE31-0A00-5A56-7FECA90A3FC3}.Release|Any CPU.Build.0 = Release|Any CPU
		{73477B79-76E0-9883-F168-75C7E9F6225C}.Debug|Any CPU.ActiveCfg = Debug|Any CPU
		{73477B79-76E0-9883-F168-75C7E9F6225C}.Debug|Any CPU.Build.0 = Debug|Any CPU
		{73477B79-76E0-9883-F168-75C7E9F6225C}.Release|Any CPU.ActiveCfg = Release|Any CPU
		{73477B79-76E0-9883-F168-75C7E9F6225C}.Release|Any CPU.Build.0 = Release|Any CPU
		{1C79846A-CE32-8BB8-FDCB-9CF155C8B17E}.Debug|Any CPU.ActiveCfg = Debug|Any CPU
		{1C79846A-CE32-8BB8-FDCB-9CF155C8B17E}.Debug|Any CPU.Build.0 = Debug|Any CPU
		{1C79846A-CE32-8BB8-FDCB-9CF155C8B17E}.Release|Any CPU.ActiveCfg = Release|Any CPU
		{1C79846A-CE32-8BB8-FDCB-9CF155C8B17E}.Release|Any CPU.Build.0 = Release|Any CPU
		{951B9D3A-1EB7-90F2-B51D-F01D3727D001}.Debug|Any CPU.ActiveCfg = Debug|Any CPU
		{951B9D3A-1EB7-90F2-B51D-F01D3727D001}.Debug|Any CPU.Build.0 = Debug|Any CPU
		{951B9D3A-1EB7-90F2-B51D-F01D3727D001}.Release|Any CPU.ActiveCfg = Release|Any CPU
		{951B9D3A-1EB7-90F2-B51D-F01D3727D001}.Release|Any CPU.Build.0 = Release|Any CPU
		{FAF03310-A367-EA9E-4456-45B43FDD1BF6}.Debug|Any CPU.ActiveCfg = Debug|Any CPU
		{FAF03310-A367-EA9E-4456-45B43FDD1BF6}.Debug|Any CPU.Build.0 = Debug|Any CPU
		{FAF03310-A367-EA9E-4456-45B43FDD1BF6}.Release|Any CPU.ActiveCfg = Release|Any CPU
		{FAF03310-A367-EA9E-4456-45B43FDD1BF6}.Release|Any CPU.Build.0 = Release|Any CPU
		{DA4594FD-EAF3-89BB-C93C-79423D9AE709}.Debug|Any CPU.ActiveCfg = Debug|Any CPU
		{DA4594FD-EAF3-89BB-C93C-79423D9AE709}.Debug|Any CPU.Build.0 = Debug|Any CPU
		{DA4594FD-EAF3-89BB-C93C-79423D9AE709}.Release|Any CPU.ActiveCfg = Release|Any CPU
		{DA4594FD-EAF3-89BB-C93C-79423D9AE709}.Release|Any CPU.Build.0 = Release|Any CPU
		{EA19C4F5-789E-F4D4-2398-02A39374E89D}.Debug|Any CPU.ActiveCfg = Debug|Any CPU
		{EA19C4F5-789E-F4D4-2398-02A39374E89D}.Debug|Any CPU.Build.0 = Debug|Any CPU
		{EA19C4F5-789E-F4D4-2398-02A39374E89D}.Release|Any CPU.ActiveCfg = Release|Any CPU
		{EA19C4F5-789E-F4D4-2398-02A39374E89D}.Release|Any CPU.Build.0 = Release|Any CPU
		{ED8304F0-E348-C2C4-0748-8CBB26057344}.Debug|Any CPU.ActiveCfg = Debug|Any CPU
		{ED8304F0-E348-C2C4-0748-8CBB26057344}.Debug|Any CPU.Build.0 = Debug|Any CPU
		{ED8304F0-E348-C2C4-0748-8CBB26057344}.Release|Any CPU.ActiveCfg = Release|Any CPU
		{ED8304F0-E348-C2C4-0748-8CBB26057344}.Release|Any CPU.Build.0 = Release|Any CPU
	EndGlobalSection
	GlobalSection(SolutionProperties) = preSolution
		HideSolutionNode = FALSE
	EndGlobalSection
	GlobalSection(NestedProjects) = preSolution
		{580A5474-4427-B77B-2F45-611CD603EF07} = {55EDC901-F090-A11F-A083-E81AB93F1F26}
		{F2A8676E-AE31-0A00-5A56-7FECA90A3FC3} = {580A5474-4427-B77B-2F45-611CD603EF07}
		{1F1D9E3D-0C89-140A-916B-AB426DE35A64} = {55EDC901-F090-A11F-A083-E81AB93F1F26}
		{73477B79-76E0-9883-F168-75C7E9F6225C} = {1F1D9E3D-0C89-140A-916B-AB426DE35A64}
		{0BF5B8E7-DCBA-97BC-71CB-4BF8B74C1F2D} = {46F5060F-C40A-D86E-CCE6-2DE6A9830839}
		{1C79846A-CE32-8BB8-FDCB-9CF155C8B17E} = {0BF5B8E7-DCBA-97BC-71CB-4BF8B74C1F2D}
		{FB0AEED8-BB1A-68B5-064A-422B364719E2} = {46F5060F-C40A-D86E-CCE6-2DE6A9830839}
		{951B9D3A-1EB7-90F2-B51D-F01D3727D001} = {FB0AEED8-BB1A-68B5-064A-422B364719E2}
		{50284893-45E3-FEBD-04D9-A8C0B1070A44} = {0757B171-26C9-1BDD-83F1-EAED455147DA}
		{FAF03310-A367-EA9E-4456-45B43FDD1BF6} = {50284893-45E3-FEBD-04D9-A8C0B1070A44}
		{B227AECD-060F-6832-6F8A-BE5D6744C257} = {0757B171-26C9-1BDD-83F1-EAED455147DA}
		{DA4594FD-EAF3-89BB-C93C-79423D9AE709} = {B227AECD-060F-6832-6F8A-BE5D6744C257}
		{F13FABB9-36F5-890F-0F3E-23930B3A2C81} = {2C28392B-DCA7-956B-C8A3-AEC0BE1A4F73}
		{EA19C4F5-789E-F4D4-2398-02A39374E89D} = {F13FABB9-36F5-890F-0F3E-23930B3A2C81}
		{F607AC03-7971-28B3-2BBB-FBEB2DEEEA9D} = {2C28392B-DCA7-956B-C8A3-AEC0BE1A4F73}
		{ED8304F0-E348-C2C4-0748-8CBB26057344} = {F607AC03-7971-28B3-2BBB-FBEB2DEEEA9D}
	EndGlobalSection
	GlobalSection(ExtensibilityGlobals) = postSolution
		SolutionGuid = {29878308-965C-4DCE-9360-B8A54EA21D19}
	EndGlobalSection
EndGlobal
